
Microsoft Visual Studio Solution File, Format Version 12.00
# Visual Studio Version 16
VisualStudioVersion = 16.0.30128.74
MinimumVisualStudioVersion = 10.0.40219.1
Project("{FAE04EC0-301F-11D3-BF4B-00C04F79EFBC}") = "SampleAPIS", "SampleAPIS\SampleAPIS.csproj", "{B311AC47-1D3B-48D7-B7D1-9C317994A2E6}"
EndProject
Global
	GlobalSection(SolutionConfigurationPlatforms) = preSolution
		Debug|Any CPU = Debug|Any CPU
		Release|Any CPU = Release|Any CPU
	EndGlobalSection
	GlobalSection(ProjectConfigurationPlatforms) = postSolution
		{B311AC47-1D3B-48D7-B7D1-9C317994A2E6}.Debug|Any CPU.ActiveCfg = Debug|Any CPU
		{B311AC47-1D3B-48D7-B7D1-9C317994A2E6}.Debug|Any CPU.Build.0 = Debug|Any CPU
		{B311AC47-1D3B-48D7-B7D1-9C317994A2E6}.Release|Any CPU.ActiveCfg = Release|Any CPU
		{B311AC47-1D3B-48D7-B7D1-9C317994A2E6}.Release|Any CPU.Build.0 = Release|Any CPU
	EndGlobalSection
	GlobalSection(SolutionProperties) = preSolution
		HideSolutionNode = FALSE
	EndGlobalSection
	GlobalSection(ExtensibilityGlobals) = postSolution
		SolutionGuid = {0CB5E402-866F-4215-A6FC-7F32BFDCD718}
	EndGlobalSection
EndGlobal
